// !$*UTF8*$!
{
	archiveVersion = 1;
	classes = {
	};
	objectVersion = 46;
	objects = {

/* Begin PBXBuildFile section */
		596AD4AB1F1A2D2B00767757 /* audioCatch.swift in Sources */ = {isa = PBXBuildFile; fileRef = 596AD4AA1F1A2D2B00767757 /* audioCatch.swift */; };
		596AD4AE1F1A2EEE00767757 /* CoreAudio.framework in Frameworks */ = {isa = PBXBuildFile; fileRef = 596AD4AD1F1A2EEE00767757 /* CoreAudio.framework */; };
		596AD4B21F1B049500767757 /* AVFoundation.framework in Frameworks */ = {isa = PBXBuildFile; fileRef = 596AD4B11F1B049500767757 /* AVFoundation.framework */; };
		596AD4B41F1B06BC00767757 /* Accelerate.framework in Frameworks */ = {isa = PBXBuildFile; fileRef = 596AD4B31F1B06BC00767757 /* Accelerate.framework */; };
		596AD4B61F1B551200767757 /* AudioUnit.framework in Frameworks */ = {isa = PBXBuildFile; fileRef = 596AD4B51F1B551200767757 /* AudioUnit.framework */; };
		596AD4B81F1B551A00767757 /* AudioToolbox.framework in Frameworks */ = {isa = PBXBuildFile; fileRef = 596AD4B71F1B551A00767757 /* AudioToolbox.framework */; };
		599663C91F2614FD000917CE /* graphDraw.swift in Sources */ = {isa = PBXBuildFile; fileRef = 599663C81F2614FD000917CE /* graphDraw.swift */; };
		59D806E61EFBEEA8006828E6 /* AppDelegate.swift in Sources */ = {isa = PBXBuildFile; fileRef = 59D806E51EFBEEA8006828E6 /* AppDelegate.swift */; };
		59D806E81EFBEEA8006828E6 /* ViewController.swift in Sources */ = {isa = PBXBuildFile; fileRef = 59D806E71EFBEEA8006828E6 /* ViewController.swift */; };
		59D806EA1EFBEEA8006828E6 /* Assets.xcassets in Resources */ = {isa = PBXBuildFile; fileRef = 59D806E91EFBEEA8006828E6 /* Assets.xcassets */; };
		59D806ED1EFBEEA8006828E6 /* Main.storyboard in Resources */ = {isa = PBXBuildFile; fileRef = 59D806EB1EFBEEA8006828E6 /* Main.storyboard */; };
/* End PBXBuildFile section */

/* Begin PBXFileReference section */
		596AD4AA1F1A2D2B00767757 /* audioCatch.swift */ = {isa = PBXFileReference; fileEncoding = 4; lastKnownFileType = sourcecode.swift; path = audioCatch.swift; sourceTree = "<group>"; };
		596AD4AD1F1A2EEE00767757 /* CoreAudio.framework */ = {isa = PBXFileReference; lastKnownFileType = wrapper.framework; name = CoreAudio.framework; path = System/Library/Frameworks/CoreAudio.framework; sourceTree = SDKROOT; };
		596AD4B11F1B049500767757 /* AVFoundation.framework */ = {isa = PBXFileReference; lastKnownFileType = wrapper.framework; name = AVFoundation.framework; path = System/Library/Frameworks/AVFoundation.framework; sourceTree = SDKROOT; };
		596AD4B31F1B06BC00767757 /* Accelerate.framework */ = {isa = PBXFileReference; lastKnownFileType = wrapper.framework; name = Accelerate.framework; path = System/Library/Frameworks/Accelerate.framework; sourceTree = SDKROOT; };
		596AD4B51F1B551200767757 /* AudioUnit.framework */ = {isa = PBXFileReference; lastKnownFileType = wrapper.framework; name = AudioUnit.framework; path = System/Library/Frameworks/AudioUnit.framework; sourceTree = SDKROOT; };
		596AD4B71F1B551A00767757 /* AudioToolbox.framework */ = {isa = PBXFileReference; lastKnownFileType = wrapper.framework; name = AudioToolbox.framework; path = System/Library/Frameworks/AudioToolbox.framework; sourceTree = SDKROOT; };
		599663C81F2614FD000917CE /* graphDraw.swift */ = {isa = PBXFileReference; fileEncoding = 4; lastKnownFileType = sourcecode.swift; path = graphDraw.swift; sourceTree = "<group>"; };
		59D806E21EFBEEA8006828E6 /* vizualizer.app */ = {isa = PBXFileReference; explicitFileType = wrapper.application; includeInIndex = 0; path = vizualizer.app; sourceTree = BUILT_PRODUCTS_DIR; };
		59D806E51EFBEEA8006828E6 /* AppDelegate.swift */ = {isa = PBXFileReference; lastKnownFileType = sourcecode.swift; path = AppDelegate.swift; sourceTree = "<group>"; };
		59D806E71EFBEEA8006828E6 /* ViewController.swift */ = {isa = PBXFileReference; lastKnownFileType = sourcecode.swift; path = ViewController.swift; sourceTree = "<group>"; };
		59D806E91EFBEEA8006828E6 /* Assets.xcassets */ = {isa = PBXFileReference; lastKnownFileType = folder.assetcatalog; path = Assets.xcassets; sourceTree = "<group>"; };
		59D806EC1EFBEEA8006828E6 /* Base */ = {isa = PBXFileReference; lastKnownFileType = file.storyboard; name = Base; path = Base.lproj/Main.storyboard; sourceTree = "<group>"; };
		59D806EE1EFBEEA8006828E6 /* Info.plist */ = {isa = PBXFileReference; lastKnownFileType = text.plist.xml; path = Info.plist; sourceTree = "<group>"; };
/* End PBXFileReference section */

/* Begin PBXFrameworksBuildPhase section */
		59D806DF1EFBEEA8006828E6 /* Frameworks */ = {
			isa = PBXFrameworksBuildPhase;
			buildActionMask = 2147483647;
			files = (
				596AD4B81F1B551A00767757 /* AudioToolbox.framework in Frameworks */,
				596AD4B61F1B551200767757 /* AudioUnit.framework in Frameworks */,
				596AD4B41F1B06BC00767757 /* Accelerate.framework in Frameworks */,
				596AD4B21F1B049500767757 /* AVFoundation.framework in Frameworks */,
				596AD4AE1F1A2EEE00767757 /* CoreAudio.framework in Frameworks */,
			);
			runOnlyForDeploymentPostprocessing = 0;
		};
/* End PBXFrameworksBuildPhase section */

/* Begin PBXGroup section */
		596AD4AC1F1A2EEE00767757 /* Frameworks */ = {
			isa = PBXGroup;
			children = (
				596AD4B71F1B551A00767757 /* AudioToolbox.framework */,
				596AD4B51F1B551200767757 /* AudioUnit.framework */,
				596AD4B31F1B06BC00767757 /* Accelerate.framework */,
				596AD4B11F1B049500767757 /* AVFoundation.framework */,
				596AD4AD1F1A2EEE00767757 /* CoreAudio.framework */,
			);
			name = Frameworks;
			sourceTree = "<group>";
		};
		59D806D91EFBEEA8006828E6 = {
			isa = PBXGroup;
			children = (
				59D806E41EFBEEA8006828E6 /* vizualizer */,
				59D806E31EFBEEA8006828E6 /* Products */,
				596AD4AC1F1A2EEE00767757 /* Frameworks */,
			);
			sourceTree = "<group>";
		};
		59D806E31EFBEEA8006828E6 /* Products */ = {
			isa = PBXGroup;
			children = (
				59D806E21EFBEEA8006828E6 /* vizualizer.app */,
			);
			name = Products;
			sourceTree = "<group>";
		};
		59D806E41EFBEEA8006828E6 /* vizualizer */ = {
			isa = PBXGroup;
			children = (
				59D806E51EFBEEA8006828E6 /* AppDelegate.swift */,
				59D806E71EFBEEA8006828E6 /* ViewController.swift */,
				596AD4AA1F1A2D2B00767757 /* audioCatch.swift */,
				599663C81F2614FD000917CE /* graphDraw.swift */,
				59D806E91EFBEEA8006828E6 /* Assets.xcassets */,
				59D806EB1EFBEEA8006828E6 /* Main.storyboard */,
				59D806EE1EFBEEA8006828E6 /* Info.plist */,
			);
			path = vizualizer;
			sourceTree = "<group>";
		};
/* End PBXGroup section */

/* Begin PBXNativeTarget section */
		59D806E11EFBEEA8006828E6 /* vizualizer */ = {
			isa = PBXNativeTarget;
			buildConfigurationList = 59D806F11EFBEEA8006828E6 /* Build configuration list for PBXNativeTarget "vizualizer" */;
			buildPhases = (
				59D806DE1EFBEEA8006828E6 /* Sources */,
				59D806DF1EFBEEA8006828E6 /* Frameworks */,
				59D806E01EFBEEA8006828E6 /* Resources */,
			);
			buildRules = (
			);
			dependencies = (
			);
			name = vizualizer;
			productName = vizualizer;
			productReference = 59D806E21EFBEEA8006828E6 /* vizualizer.app */;
			productType = "com.apple.product-type.application";
		};
/* End PBXNativeTarget section */

/* Begin PBXProject section */
		59D806DA1EFBEEA8006828E6 /* Project object */ = {
			isa = PBXProject;
			attributes = {
				LastSwiftUpdateCheck = 0830;
				LastUpgradeCheck = 0830;
				ORGANIZATIONNAME = "今野暁";
				TargetAttributes = {
					59D806E11EFBEEA8006828E6 = {
						CreatedOnToolsVersion = 8.3.1;
						DevelopmentTeam = R5527NB694;
						LastSwiftMigration = 0830;
						ProvisioningStyle = Automatic;
					};
				};
			};
			buildConfigurationList = 59D806DD1EFBEEA8006828E6 /* Build configuration list for PBXProject "vizualizer" */;
			compatibilityVersion = "Xcode 3.2";
			developmentRegion = English;
			hasScannedForEncodings = 0;
			knownRegions = (
				en,
				Base,
			);
			mainGroup = 59D806D91EFBEEA8006828E6;
			productRefGroup = 59D806E31EFBEEA8006828E6 /* Products */;
			projectDirPath = "";
			projectRoot = "";
			targets = (
				59D806E11EFBEEA8006828E6 /* vizualizer */,
			);
		};
/* End PBXProject section */

/* Begin PBXResourcesBuildPhase section */
		59D806E01EFBEEA8006828E6 /* Resources */ = {
			isa = PBXResourcesBuildPhase;
			buildActionMask = 2147483647;
			files = (
				59D806EA1EFBEEA8006828E6 /* Assets.xcassets in Resources */,
				59D806ED1EFBEEA8006828E6 /* Main.storyboard in Resources */,
			);
			runOnlyForDeploymentPostprocessing = 0;
		};
/* End PBXResourcesBuildPhase section */

/* Begin PBXSourcesBuildPhase section */
		59D806DE1EFBEEA8006828E6 /* Sources */ = {
			isa = PBXSourcesBuildPhase;
			buildActionMask = 2147483647;
			files = (
				59D806E81EFBEEA8006828E6 /* ViewController.swift in Sources */,
				59D806E61EFBEEA8006828E6 /* AppDelegate.swift in Sources */,
				599663C91F2614FD000917CE /* graphDraw.swift in Sources */,
				596AD4AB1F1A2D2B00767757 /* audioCatch.swift in Sources */,
			);
			runOnlyForDeploymentPostprocessing = 0;
		};
/* End PBXSourcesBuildPhase section */

/* Begin PBXVariantGroup section */
		59D806EB1EFBEEA8006828E6 /* Main.storyboard */ = {
			isa = PBXVariantGroup;
			children = (
				59D806EC1EFBEEA8006828E6 /* Base */,
			);
			name = Main.storyboard;
			sourceTree = "<group>";
		};
/* End PBXVariantGroup section */

/* Begin XCBuildConfiguration section */
		59D806EF1EFBEEA8006828E6 /* Debug */ = {
			isa = XCBuildConfiguration;
			buildSettings = {
				ALWAYS_SEARCH_USER_PATHS = NO;
				CLANG_ANALYZER_NONNULL = YES;
				CLANG_ANALYZER_NUMBER_OBJECT_CONVERSION = YES_AGGRESSIVE;
				CLANG_CXX_LANGUAGE_STANDARD = "gnu++0x";
				CLANG_CXX_LIBRARY = "libc++";
				CLANG_ENABLE_MODULES = YES;
				CLANG_ENABLE_OBJC_ARC = YES;
				CLANG_WARN_BOOL_CONVERSION = YES;
				CLANG_WARN_CONSTANT_CONVERSION = YES;
				CLANG_WARN_DIRECT_OBJC_ISA_USAGE = YES_ERROR;
				CLANG_WARN_DOCUMENTATION_COMMENTS = YES;
				CLANG_WARN_EMPTY_BODY = YES;
				CLANG_WARN_ENUM_CONVERSION = YES;
				CLANG_WARN_INFINITE_RECURSION = YES;
				CLANG_WARN_INT_CONVERSION = YES;
				CLANG_WARN_OBJC_ROOT_CLASS = YES_ERROR;
				CLANG_WARN_SUSPICIOUS_MOVE = YES;
				CLANG_WARN_UNREACHABLE_CODE = YES;
				CLANG_WARN__DUPLICATE_METHOD_MATCH = YES;
				CODE_SIGN_IDENTITY = "-";
				COPY_PHASE_STRIP = NO;
				DEBUG_INFORMATION_FORMAT = dwarf;
				ENABLE_STRICT_OBJC_MSGSEND = YES;
				ENABLE_TESTABILITY = YES;
				GCC_C_LANGUAGE_STANDARD = gnu99;
				GCC_DYNAMIC_NO_PIC = NO;
				GCC_NO_COMMON_BLOCKS = YES;
				GCC_OPTIMIZATION_LEVEL = 0;
				GCC_PREPROCESSOR_DEFINITIONS = (
					"DEBUG=1",
					"$(inherited)",
				);
				GCC_WARN_64_TO_32_BIT_CONVERSION = YES;
				GCC_WARN_ABOUT_RETURN_TYPE = YES_ERROR;
				GCC_WARN_UNDECLARED_SELECTOR = YES;
				GCC_WARN_UNINITIALIZED_AUTOS = YES_AGGRESSIVE;
				GCC_WARN_UNUSED_FUNCTION = YES;
				GCC_WARN_UNUSED_VARIABLE = YES;
				MACOSX_DEPLOYMENT_TARGET = 10.12;
				MTL_ENABLE_DEBUG_INFO = YES;
				ONLY_ACTIVE_ARCH = YES;
				SDKROOT = macosx;
				SWIFT_ACTIVE_COMPILATION_CONDITIONS = DEBUG;
				SWIFT_OPTIMIZATION_LEVEL = "-Onone";
			};
			name = Debug;
		};
		59D806F01EFBEEA8006828E6 /* Release */ = {
			isa = XCBuildConfiguration;
			buildSettings = {
				ALWAYS_SEARCH_USER_PATHS = NO;
				CLANG_ANALYZER_NONNULL = YES;
				CLANG_ANALYZER_NUMBER_OBJECT_CONVERSION = YES_AGGRESSIVE;
				CLANG_CXX_LANGUAGE_STANDARD = "gnu++0x";
				CLANG_CXX_LIBRARY = "libc++";
				CLANG_ENABLE_MODULES = YES;
				CLANG_ENABLE_OBJC_ARC = YES;
				CLANG_WARN_BOOL_CONVERSION = YES;
				CLANG_WARN_CONSTANT_CONVERSION = YES;
				CLANG_WARN_DIRECT_OBJC_ISA_USAGE = YES_ERROR;
				CLANG_WARN_DOCUMENTATION_COMMENTS = YES;
				CLANG_WARN_EMPTY_BODY = YES;
				CLANG_WARN_ENUM_CONVERSION = YES;
				CLANG_WARN_INFINITE_RECURSION = YES;
				CLANG_WARN_INT_CONVERSION = YES;
				CLANG_WARN_OBJC_ROOT_CLASS = YES_ERROR;
				CLANG_WARN_SUSPICIOUS_MOVE = YES;
				CLANG_WARN_UNREACHABLE_CODE = YES;
				CLANG_WARN__DUPLICATE_METHOD_MATCH = YES;
				CODE_SIGN_IDENTITY = "-";
				COPY_PHASE_STRIP = NO;
				DEBUG_INFORMATION_FORMAT = "dwarf-with-dsym";
				ENABLE_NS_ASSERTIONS = NO;
				ENABLE_STRICT_OBJC_MSGSEND = YES;
				GCC_C_LANGUAGE_STANDARD = gnu99;
				GCC_NO_COMMON_BLOCKS = YES;
				GCC_WARN_64_TO_32_BIT_CONVERSION = YES;
				GCC_WARN_ABOUT_RETURN_TYPE = YES_ERROR;
				GCC_WARN_UNDECLARED_SELECTOR = YES;
				GCC_WARN_UNINITIALIZED_AUTOS = YES_AGGRESSIVE;
				GCC_WARN_UNUSED_FUNCTION = YES;
				GCC_WARN_UNUSED_VARIABLE = YES;
				MACOSX_DEPLOYMENT_TARGET = 10.12;
				MTL_ENABLE_DEBUG_INFO = NO;
				SDKROOT = macosx;
				SWIFT_OPTIMIZATION_LEVEL = "-Owholemodule";
			};
			name = Release;
		};
		59D806F21EFBEEA8006828E6 /* Debug */ = {
			isa = XCBuildConfiguration;
			buildSettings = {
				ASSETCATALOG_COMPILER_APPICON_NAME = AppIcon;
				CLANG_ENABLE_MODULES = YES;
				COMBINE_HIDPI_IMAGES = YES;
				DEVELOPMENT_TEAM = R5527NB694;
				INFOPLIST_FILE = vizualizer/Info.plist;
				LD_RUNPATH_SEARCH_PATHS = "$(inherited) @executable_path/../Frameworks";
				PRODUCT_BUNDLE_IDENTIFIER = test.vizualizer;
				PRODUCT_NAME = "$(TARGET_NAME)";
				SWIFT_INSTALL_OBJC_HEADER = YES;
				SWIFT_OBJC_BRIDGING_HEADER = "";
				SWIFT_OPTIMIZATION_LEVEL = "-Onone";
				SWIFT_VERSION = 3.0;
			};
			name = Debug;
		};
		59D806F31EFBEEA8006828E6 /* Release */ = {
			isa = XCBuildConfiguration;
			buildSettings = {
				ASSETCATALOG_COMPILER_APPICON_NAME = AppIcon;
				CLANG_ENABLE_MODULES = YES;
				COMBINE_HIDPI_IMAGES = YES;
				DEVELOPMENT_TEAM = R5527NB694;
				INFOPLIST_FILE = vizualizer/Info.plist;
				LD_RUNPATH_SEARCH_PATHS = "$(inherited) @executable_path/../Frameworks";
				PRODUCT_BUNDLE_IDENTIFIER = test.vizualizer;
				PRODUCT_NAME = "$(TARGET_NAME)";
				SWIFT_INSTALL_OBJC_HEADER = YES;
				SWIFT_OBJC_BRIDGING_HEADER = "";
				SWIFT_VERSION = 3.0;
			};
			name = Release;
		};
/* End XCBuildConfiguration section */

/* Begin XCConfigurationList section */
		59D806DD1EFBEEA8006828E6 /* Build configuration list for PBXProject "vizualizer" */ = {
			isa = XCConfigurationList;
			buildConfigurations = (
				59D806EF1EFBEEA8006828E6 /* Debug */,
				59D806F01EFBEEA8006828E6 /* Release */,
			);
			defaultConfigurationIsVisible = 0;
			defaultConfigurationName = Release;
		};
		59D806F11EFBEEA8006828E6 /* Build configuration list for PBXNativeTarget "vizualizer" */ = {
			isa = XCConfigurationList;
			buildConfigurations = (
				59D806F21EFBEEA8006828E6 /* Debug */,
				59D806F31EFBEEA8006828E6 /* Release */,
			);
			defaultConfigurationIsVisible = 0;
			defaultConfigurationName = Release;
		};
/* End XCConfigurationList section */
	};
	rootObject = 59D806DA1EFBEEA8006828E6 /* Project object */;
}
